
Microsoft Visual Studio Solution File, Format Version 12.00
# Visual Studio Version 17
VisualStudioVersion = 17.0.32014.148
MinimumVisualStudioVersion = 10.0.40219.1
Project("{2150E333-8FDC-42A3-9474-1A3956D46DE8}") = "src", "src", "{5097E54D-5F72-40C0-B66A-46E08395C2D8}"
EndProject
Project("{2150E333-8FDC-42A3-9474-1A3956D46DE8}") = "tests", "tests", "{D512E728-786D-479E-8A2D-BDF1005FA926}"
EndProject
Project("{2150E333-8FDC-42A3-9474-1A3956D46DE8}") = "ApplicationCore", "ApplicationCore", "{EF53973A-4EE4-4D24-B2E1-C7D246B271B1}"
EndProject
Project("{2150E333-8FDC-42A3-9474-1A3956D46DE8}") = "Infrastructure", "Infrastructure", "{7C2DCD05-00D5-48D5-AC5B-E15E59CA5C4D}"
EndProject
Project("{2150E333-8FDC-42A3-9474-1A3956D46DE8}") = "WEB", "WEB", "{E74D6A48-97E0-4F18-940F-BCA5EECBB632}"
EndProject
Project("{2150E333-8FDC-42A3-9474-1A3956D46DE8}") = "UnitTests", "UnitTests", "{0C01CB08-A015-405A-8D37-80D1CE8EDE14}"
EndProject
Project("{2150E333-8FDC-42A3-9474-1A3956D46DE8}") = "IntegrationTests", "IntegrationTests", "{9EFAB48A-6B63-4966-97EC-A7302A1AD7AD}"
EndProject
Project("{2150E333-8FDC-42A3-9474-1A3956D46DE8}") = "FuctionalTests", "FuctionalTests", "{368FE129-AE50-43B2-957F-61DB7F863F68}"
EndProject
Project("{FAE04EC0-301F-11D3-BF4B-00C04F79EFBC}") = "AutoservWebAPI", "src\AutoservWebAPI\AutoservWebAPI.csproj", "{B56E8404-F7FD-4D50-8ACE-F58091419F80}"
EndProject
Project("{FAE04EC0-301F-11D3-BF4B-00C04F79EFBC}") = "ApplicationCore", "src\ApplicationCore\ApplicationCore.csproj", "{CB7CC43D-961B-4037-BC53-1AEF0699FF6A}"
EndProject
Project("{FAE04EC0-301F-11D3-BF4B-00C04F79EFBC}") = "Infrastructure", "src\Infrastructure\Infrastructure.csproj", "{3E7BFEA0-6979-4C56-B7D8-4BE5819FCFE7}"
EndProject
Project("{FAE04EC0-301F-11D3-BF4B-00C04F79EFBC}") = "UnitTests", "tests\UnitTests\UnitTests.csproj", "{D2B9B359-362B-497C-A000-E636FA0A5025}"
EndProject
Project("{FAE04EC0-301F-11D3-BF4B-00C04F79EFBC}") = "IntegrationTests", "tests\IntegrationTests\IntegrationTests.csproj", "{AC412209-3E15-4ED1-B3E2-0466BF81146C}"
EndProject
Project("{FAE04EC0-301F-11D3-BF4B-00C04F79EFBC}") = "FunctionalTests", "tests\FunctionalTests\FunctionalTests.csproj", "{6896B62B-68F2-467A-AF06-073DAFED45CE}"
EndProject
Global
	GlobalSection(SolutionConfigurationPlatforms) = preSolution
		Debug|Any CPU = Debug|Any CPU
		Release|Any CPU = Release|Any CPU
	EndGlobalSection
	GlobalSection(ProjectConfigurationPlatforms) = postSolution
		{B56E8404-F7FD-4D50-8ACE-F58091419F80}.Debug|Any CPU.ActiveCfg = Debug|Any CPU
		{B56E8404-F7FD-4D50-8ACE-F58091419F80}.Debug|Any CPU.Build.0 = Debug|Any CPU
		{B56E8404-F7FD-4D50-8ACE-F58091419F80}.Release|Any CPU.ActiveCfg = Release|Any CPU
		{B56E8404-F7FD-4D50-8ACE-F58091419F80}.Release|Any CPU.Build.0 = Release|Any CPU
		{CB7CC43D-961B-4037-BC53-1AEF0699FF6A}.Debug|Any CPU.ActiveCfg = Debug|Any CPU
		{CB7CC43D-961B-4037-BC53-1AEF0699FF6A}.Debug|Any CPU.Build.0 = Debug|Any CPU
		{CB7CC43D-961B-4037-BC53-1AEF0699FF6A}.Release|Any CPU.ActiveCfg = Release|Any CPU
		{CB7CC43D-961B-4037-BC53-1AEF0699FF6A}.Release|Any CPU.Build.0 = Release|Any CPU
		{3E7BFEA0-6979-4C56-B7D8-4BE5819FCFE7}.Debug|Any CPU.ActiveCfg = Debug|Any CPU
		{3E7BFEA0-6979-4C56-B7D8-4BE5819FCFE7}.Debug|Any CPU.Build.0 = Debug|Any CPU
		{3E7BFEA0-6979-4C56-B7D8-4BE5819FCFE7}.Release|Any CPU.ActiveCfg = Release|Any CPU
		{3E7BFEA0-6979-4C56-B7D8-4BE5819FCFE7}.Release|Any CPU.Build.0 = Release|Any CPU
		{D2B9B359-362B-497C-A000-E636FA0A5025}.Debug|Any CPU.ActiveCfg = Debug|Any CPU
		{D2B9B359-362B-497C-A000-E636FA0A5025}.Debug|Any CPU.Build.0 = Debug|Any CPU
		{D2B9B359-362B-497C-A000-E636FA0A5025}.Release|Any CPU.ActiveCfg = Release|Any CPU
		{D2B9B359-362B-497C-A000-E636FA0A5025}.Release|Any CPU.Build.0 = Release|Any CPU
		{AC412209-3E15-4ED1-B3E2-0466BF81146C}.Debug|Any CPU.ActiveCfg = Debug|Any CPU
		{AC412209-3E15-4ED1-B3E2-0466BF81146C}.Debug|Any CPU.Build.0 = Debug|Any CPU
		{AC412209-3E15-4ED1-B3E2-0466BF81146C}.Release|Any CPU.ActiveCfg = Release|Any CPU
		{AC412209-3E15-4ED1-B3E2-0466BF81146C}.Release|Any CPU.Build.0 = Release|Any CPU
		{6896B62B-68F2-467A-AF06-073DAFED45CE}.Debug|Any CPU.ActiveCfg = Debug|Any CPU
		{6896B62B-68F2-467A-AF06-073DAFED45CE}.Debug|Any CPU.Build.0 = Debug|Any CPU
		{6896B62B-68F2-467A-AF06-073DAFED45CE}.Release|Any CPU.ActiveCfg = Release|Any CPU
		{6896B62B-68F2-467A-AF06-073DAFED45CE}.Release|Any CPU.Build.0 = Release|Any CPU
	EndGlobalSection
	GlobalSection(SolutionProperties) = preSolution
		HideSolutionNode = FALSE
	EndGlobalSection
	GlobalSection(NestedProjects) = preSolution
		{EF53973A-4EE4-4D24-B2E1-C7D246B271B1} = {5097E54D-5F72-40C0-B66A-46E08395C2D8}
		{7C2DCD05-00D5-48D5-AC5B-E15E59CA5C4D} = {5097E54D-5F72-40C0-B66A-46E08395C2D8}
		{E74D6A48-97E0-4F18-940F-BCA5EECBB632} = {5097E54D-5F72-40C0-B66A-46E08395C2D8}
		{0C01CB08-A015-405A-8D37-80D1CE8EDE14} = {D512E728-786D-479E-8A2D-BDF1005FA926}
		{9EFAB48A-6B63-4966-97EC-A7302A1AD7AD} = {D512E728-786D-479E-8A2D-BDF1005FA926}
		{368FE129-AE50-43B2-957F-61DB7F863F68} = {D512E728-786D-479E-8A2D-BDF1005FA926}
		{B56E8404-F7FD-4D50-8ACE-F58091419F80} = {E74D6A48-97E0-4F18-940F-BCA5EECBB632}
		{CB7CC43D-961B-4037-BC53-1AEF0699FF6A} = {EF53973A-4EE4-4D24-B2E1-C7D246B271B1}
		{3E7BFEA0-6979-4C56-B7D8-4BE5819FCFE7} = {7C2DCD05-00D5-48D5-AC5B-E15E59CA5C4D}
		{D2B9B359-362B-497C-A000-E636FA0A5025} = {0C01CB08-A015-405A-8D37-80D1CE8EDE14}
		{AC412209-3E15-4ED1-B3E2-0466BF81146C} = {9EFAB48A-6B63-4966-97EC-A7302A1AD7AD}
		{6896B62B-68F2-467A-AF06-073DAFED45CE} = {368FE129-AE50-43B2-957F-61DB7F863F68}
	EndGlobalSection
	GlobalSection(ExtensibilityGlobals) = postSolution
		SolutionGuid = {A5DE7524-BE88-4863-BCF9-AD62C1F1B10C}
	EndGlobalSection
EndGlobal
