
Microsoft Visual Studio Solution File, Format Version 12.00
# Visual Studio Version 17
VisualStudioVersion = 17.0.32014.148
MinimumVisualStudioVersion = 10.0.40219.1
Project("{2150E333-8FDC-42A3-9474-1A3956D46DE8}") = "src", "src", "{71014B3A-7CF4-454E-8628-926B3E512D10}"
EndProject
Project("{2150E333-8FDC-42A3-9474-1A3956D46DE8}") = "tests", "tests", "{84761DEA-1F16-49FD-9683-250FCAB81967}"
EndProject
Project("{2150E333-8FDC-42A3-9474-1A3956D46DE8}") = "WEB", "WEB", "{48E26482-2D29-4AA7-9D60-67F4F9F28FA0}"
EndProject
Project("{2150E333-8FDC-42A3-9474-1A3956D46DE8}") = "ApplicationCore", "ApplicationCore", "{EF2C305D-B0E9-4C3A-8010-2CF55436B7F1}"
EndProject
Project("{2150E333-8FDC-42A3-9474-1A3956D46DE8}") = "Infrastructure", "Infrastructure", "{0C478943-0F54-44E6-A393-5F7E9D0C4F76}"
EndProject
Project("{2150E333-8FDC-42A3-9474-1A3956D46DE8}") = "UnitTests", "UnitTests", "{F1779F25-F49A-484A-A2B2-16CC49DF7E63}"
EndProject
Project("{2150E333-8FDC-42A3-9474-1A3956D46DE8}") = "IntegrationTests", "IntegrationTests", "{45809BA5-76A4-4207-9885-50E59B995956}"
EndProject
Project("{2150E333-8FDC-42A3-9474-1A3956D46DE8}") = "FunctionalTests", "FunctionalTests", "{2D66FF38-7744-4206-AF15-75234020CC97}"
EndProject
Project("{FAE04EC0-301F-11D3-BF4B-00C04F79EFBC}") = "AutoservWebAPI", "AutoservWebAPI\AutoservWebAPI.csproj", "{8F50DFEF-F5B9-4E26-9269-54B47FE2C14A}"
EndProject
Project("{FAE04EC0-301F-11D3-BF4B-00C04F79EFBC}") = "Infrastructure", "Infrastructure\Infrastructure.csproj", "{C2B95E15-873D-4876-BB01-D2D37B952E24}"
EndProject
Project("{FAE04EC0-301F-11D3-BF4B-00C04F79EFBC}") = "ApplicationCore", "ApplicationCore\ApplicationCore.csproj", "{15547DEC-A707-4528-B809-EE9F982031C5}"
EndProject
Project("{FAE04EC0-301F-11D3-BF4B-00C04F79EFBC}") = "UnitTests", "UnitTests\UnitTests.csproj", "{BB8A57D7-34A4-4EE9-88E0-7477D0D1F8C2}"
EndProject
Project("{FAE04EC0-301F-11D3-BF4B-00C04F79EFBC}") = "IntegrationTests", "IntegrationTests\IntegrationTests.csproj", "{E27CC87F-E05F-496B-9965-ADBDB99B651C}"
EndProject
Project("{FAE04EC0-301F-11D3-BF4B-00C04F79EFBC}") = "FunctionalTests", "FunctionalTests\FunctionalTests.csproj", "{35964A8D-66AD-4D16-9D2B-11E060539036}"
EndProject
Global
	GlobalSection(SolutionConfigurationPlatforms) = preSolution
		Debug|Any CPU = Debug|Any CPU
		Release|Any CPU = Release|Any CPU
	EndGlobalSection
	GlobalSection(ProjectConfigurationPlatforms) = postSolution
		{8F50DFEF-F5B9-4E26-9269-54B47FE2C14A}.Debug|Any CPU.ActiveCfg = Debug|Any CPU
		{8F50DFEF-F5B9-4E26-9269-54B47FE2C14A}.Debug|Any CPU.Build.0 = Debug|Any CPU
		{8F50DFEF-F5B9-4E26-9269-54B47FE2C14A}.Release|Any CPU.ActiveCfg = Release|Any CPU
		{8F50DFEF-F5B9-4E26-9269-54B47FE2C14A}.Release|Any CPU.Build.0 = Release|Any CPU
		{C2B95E15-873D-4876-BB01-D2D37B952E24}.Debug|Any CPU.ActiveCfg = Debug|Any CPU
		{C2B95E15-873D-4876-BB01-D2D37B952E24}.Debug|Any CPU.Build.0 = Debug|Any CPU
		{C2B95E15-873D-4876-BB01-D2D37B952E24}.Release|Any CPU.ActiveCfg = Release|Any CPU
		{C2B95E15-873D-4876-BB01-D2D37B952E24}.Release|Any CPU.Build.0 = Release|Any CPU
		{15547DEC-A707-4528-B809-EE9F982031C5}.Debug|Any CPU.ActiveCfg = Debug|Any CPU
		{15547DEC-A707-4528-B809-EE9F982031C5}.Debug|Any CPU.Build.0 = Debug|Any CPU
		{15547DEC-A707-4528-B809-EE9F982031C5}.Release|Any CPU.ActiveCfg = Release|Any CPU
		{15547DEC-A707-4528-B809-EE9F982031C5}.Release|Any CPU.Build.0 = Release|Any CPU
		{BB8A57D7-34A4-4EE9-88E0-7477D0D1F8C2}.Debug|Any CPU.ActiveCfg = Debug|Any CPU
		{BB8A57D7-34A4-4EE9-88E0-7477D0D1F8C2}.Debug|Any CPU.Build.0 = Debug|Any CPU
		{BB8A57D7-34A4-4EE9-88E0-7477D0D1F8C2}.Release|Any CPU.ActiveCfg = Release|Any CPU
		{BB8A57D7-34A4-4EE9-88E0-7477D0D1F8C2}.Release|Any CPU.Build.0 = Release|Any CPU
		{E27CC87F-E05F-496B-9965-ADBDB99B651C}.Debug|Any CPU.ActiveCfg = Debug|Any CPU
		{E27CC87F-E05F-496B-9965-ADBDB99B651C}.Debug|Any CPU.Build.0 = Debug|Any CPU
		{E27CC87F-E05F-496B-9965-ADBDB99B651C}.Release|Any CPU.ActiveCfg = Release|Any CPU
		{E27CC87F-E05F-496B-9965-ADBDB99B651C}.Release|Any CPU.Build.0 = Release|Any CPU
		{35964A8D-66AD-4D16-9D2B-11E060539036}.Debug|Any CPU.ActiveCfg = Debug|Any CPU
		{35964A8D-66AD-4D16-9D2B-11E060539036}.Debug|Any CPU.Build.0 = Debug|Any CPU
		{35964A8D-66AD-4D16-9D2B-11E060539036}.Release|Any CPU.ActiveCfg = Release|Any CPU
		{35964A8D-66AD-4D16-9D2B-11E060539036}.Release|Any CPU.Build.0 = Release|Any CPU
	EndGlobalSection
	GlobalSection(SolutionProperties) = preSolution
		HideSolutionNode = FALSE
	EndGlobalSection
	GlobalSection(NestedProjects) = preSolution
		{48E26482-2D29-4AA7-9D60-67F4F9F28FA0} = {71014B3A-7CF4-454E-8628-926B3E512D10}
		{EF2C305D-B0E9-4C3A-8010-2CF55436B7F1} = {71014B3A-7CF4-454E-8628-926B3E512D10}
		{0C478943-0F54-44E6-A393-5F7E9D0C4F76} = {71014B3A-7CF4-454E-8628-926B3E512D10}
		{F1779F25-F49A-484A-A2B2-16CC49DF7E63} = {84761DEA-1F16-49FD-9683-250FCAB81967}
		{45809BA5-76A4-4207-9885-50E59B995956} = {84761DEA-1F16-49FD-9683-250FCAB81967}
		{2D66FF38-7744-4206-AF15-75234020CC97} = {84761DEA-1F16-49FD-9683-250FCAB81967}
		{8F50DFEF-F5B9-4E26-9269-54B47FE2C14A} = {48E26482-2D29-4AA7-9D60-67F4F9F28FA0}
		{C2B95E15-873D-4876-BB01-D2D37B952E24} = {0C478943-0F54-44E6-A393-5F7E9D0C4F76}
		{15547DEC-A707-4528-B809-EE9F982031C5} = {EF2C305D-B0E9-4C3A-8010-2CF55436B7F1}
		{BB8A57D7-34A4-4EE9-88E0-7477D0D1F8C2} = {F1779F25-F49A-484A-A2B2-16CC49DF7E63}
		{E27CC87F-E05F-496B-9965-ADBDB99B651C} = {45809BA5-76A4-4207-9885-50E59B995956}
		{35964A8D-66AD-4D16-9D2B-11E060539036} = {2D66FF38-7744-4206-AF15-75234020CC97}
	EndGlobalSection
	GlobalSection(ExtensibilityGlobals) = postSolution
		SolutionGuid = {A5DE7524-BE88-4863-BCF9-AD62C1F1B10C}
	EndGlobalSection
EndGlobal
